
Microsoft Visual Studio Solution File, Format Version 12.00
# Visual Studio Version 16
VisualStudioVersion = 16.0.31213.239
MinimumVisualStudioVersion = 10.0.40219.1
Project("{9A19103F-16F7-4668-BE54-9A1E7A4F7556}") = "HtmlGenerator", "src\HtmlGenerator\HtmlGenerator.csproj", "{3CB763A5-A0C0-46B0-AEF5-020E731253C2}"
EndProject
Project("{9A19103F-16F7-4668-BE54-9A1E7A4F7556}") = "BuildLogParser", "src\BuildLogParser\BuildLogParser.csproj", "{57002F26-8D15-4CF7-A53D-61AE8CC5E836}"
EndProject
Project("{9A19103F-16F7-4668-BE54-9A1E7A4F7556}") = "Common", "src\Common\Common.csproj", "{F13CD277-E86B-4BC6-9E93-39ED055A46DB}"
EndProject
Project("{9A19103F-16F7-4668-BE54-9A1E7A4F7556}") = "GitGlyph", "src\GitGlyph\GitGlyph.csproj", "{810A96AB-58EB-4403-9A1E-964F85958E62}"
EndProject
Project("{9A19103F-16F7-4668-BE54-9A1E7A4F7556}") = "MEF", "src\MEF\MEF.csproj", "{E3411353-9F6B-4FB2-874E-106BF4896462}"
EndProject
Project("{9A19103F-16F7-4668-BE54-9A1E7A4F7556}") = "SourceIndexServer", "src\SourceIndexServer\SourceIndexServer.csproj", "{018CE264-C76D-4448-BB0A-89A25F1088A2}"
EndProject
Project("{9A19103F-16F7-4668-BE54-9A1E7A4F7556}") = "HtmlGenerator.Tests", "src\HtmlGenerator.Tests\HtmlGenerator.Tests.csproj", "{4EDEE974-055C-455E-866F-4BDCB734CB59}"
EndProject
Project("{9A19103F-16F7-4668-BE54-9A1E7A4F7556}") = "SourceIndexServer.Tests", "src\SourceIndexServer.Tests\SourceIndexServer.Tests.csproj", "{37B5A89F-5436-45BE-B782-C476086A6AF8}"
EndProject
Project("{2150E333-8FDC-42A3-9474-1A3956D46DE8}") = "Solution Items", "Solution Items", "{C0B9CC1C-1EF1-4086-9532-E8679CBA4E62}"
	ProjectSection(SolutionItems) = preProject
		.editorconfig = .editorconfig
		src\Directory.Build.props = src\Directory.Build.props
	EndProjectSection
EndProject
Global
	GlobalSection(SolutionConfigurationPlatforms) = preSolution
		Debug|Any CPU = Debug|Any CPU
		Release|Any CPU = Release|Any CPU
	EndGlobalSection
	GlobalSection(ProjectConfigurationPlatforms) = postSolution
		{3CB763A5-A0C0-46B0-AEF5-020E731253C2}.Debug|Any CPU.ActiveCfg = Debug|Any CPU
		{3CB763A5-A0C0-46B0-AEF5-020E731253C2}.Debug|Any CPU.Build.0 = Debug|Any CPU
		{3CB763A5-A0C0-46B0-AEF5-020E731253C2}.Release|Any CPU.ActiveCfg = Release|Any CPU
		{3CB763A5-A0C0-46B0-AEF5-020E731253C2}.Release|Any CPU.Build.0 = Release|Any CPU
		{57002F26-8D15-4CF7-A53D-61AE8CC5E836}.Debug|Any CPU.ActiveCfg = Debug|Any CPU
		{57002F26-8D15-4CF7-A53D-61AE8CC5E836}.Debug|Any CPU.Build.0 = Debug|Any CPU
		{57002F26-8D15-4CF7-A53D-61AE8CC5E836}.Release|Any CPU.ActiveCfg = Release|Any CPU
		{57002F26-8D15-4CF7-A53D-61AE8CC5E836}.Release|Any CPU.Build.0 = Release|Any CPU
		{F13CD277-E86B-4BC6-9E93-39ED055A46DB}.Debug|Any CPU.ActiveCfg = Debug|Any CPU
		{F13CD277-E86B-4BC6-9E93-39ED055A46DB}.Debug|Any CPU.Build.0 = Debug|Any CPU
		{F13CD277-E86B-4BC6-9E93-39ED055A46DB}.Release|Any CPU.ActiveCfg = Release|Any CPU
		{F13CD277-E86B-4BC6-9E93-39ED055A46DB}.Release|Any CPU.Build.0 = Release|Any CPU
		{810A96AB-58EB-4403-9A1E-964F85958E62}.Debug|Any CPU.ActiveCfg = Debug|Any CPU
		{810A96AB-58EB-4403-9A1E-964F85958E62}.Debug|Any CPU.Build.0 = Debug|Any CPU
		{810A96AB-58EB-4403-9A1E-964F85958E62}.Release|Any CPU.ActiveCfg = Release|Any CPU
		{810A96AB-58EB-4403-9A1E-964F85958E62}.Release|Any CPU.Build.0 = Release|Any CPU
		{E3411353-9F6B-4FB2-874E-106BF4896462}.Debug|Any CPU.ActiveCfg = Debug|Any CPU
		{E3411353-9F6B-4FB2-874E-106BF4896462}.Debug|Any CPU.Build.0 = Debug|Any CPU
		{E3411353-9F6B-4FB2-874E-106BF4896462}.Release|Any CPU.ActiveCfg = Release|Any CPU
		{E3411353-9F6B-4FB2-874E-106BF4896462}.Release|Any CPU.Build.0 = Release|Any CPU
		{018CE264-C76D-4448-BB0A-89A25F1088A2}.Debug|Any CPU.ActiveCfg = Debug|Any CPU
		{018CE264-C76D-4448-BB0A-89A25F1088A2}.Debug|Any CPU.Build.0 = Debug|Any CPU
		{018CE264-C76D-4448-BB0A-89A25F1088A2}.Release|Any CPU.ActiveCfg = Release|Any CPU
		{018CE264-C76D-4448-BB0A-89A25F1088A2}.Release|Any CPU.Build.0 = Release|Any CPU
		{4EDEE974-055C-455E-866F-4BDCB734CB59}.Debug|Any CPU.ActiveCfg = Debug|Any CPU
		{4EDEE974-055C-455E-866F-4BDCB734CB59}.Debug|Any CPU.Build.0 = Debug|Any CPU
		{4EDEE974-055C-455E-866F-4BDCB734CB59}.Release|Any CPU.ActiveCfg = Release|Any CPU
		{4EDEE974-055C-455E-866F-4BDCB734CB59}.Release|Any CPU.Build.0 = Release|Any CPU
		{37B5A89F-5436-45BE-B782-C476086A6AF8}.Debug|Any CPU.ActiveCfg = Debug|Any CPU
		{37B5A89F-5436-45BE-B782-C476086A6AF8}.Debug|Any CPU.Build.0 = Debug|Any CPU
		{37B5A89F-5436-45BE-B782-C476086A6AF8}.Release|Any CPU.ActiveCfg = Release|Any CPU
		{37B5A89F-5436-45BE-B782-C476086A6AF8}.Release|Any CPU.Build.0 = Release|Any CPU
	EndGlobalSection
	GlobalSection(SolutionProperties) = preSolution
		HideSolutionNode = FALSE
	EndGlobalSection
	GlobalSection(ExtensibilityGlobals) = postSolution
		SolutionGuid = {29F20132-2B2E-4FAE-86AF-812EE1C3363F}
	EndGlobalSection
EndGlobal
