
Microsoft Visual Studio Solution File, Format Version 12.00
# Visual Studio Version 16
VisualStudioVersion = 16.0.30204.135
MinimumVisualStudioVersion = 10.0.40219.1
Project("{FAE04EC0-301F-11D3-BF4B-00C04F79EFBC}") = "TestSolution", "TestSolution\TestSolution.csproj", "{0F5BA342-6E00-4772-A967-171772206169}"
EndProject
Project("{F184B08F-C81C-45F6-A57F-5ABD9991F28F}") = "VBLibrary", "VBLibrary\VBLibrary.vbproj", "{D6D0FE59-C578-4C50-B4DC-CDDC56557FB2}"
EndProject
Project("{FAE04EC0-301F-11D3-BF4B-00C04F79EFBC}") = "Project2", "Project2\Project2.csproj", "{C714BCF5-8EEA-4AC8-A030-8D7B1F57E122}"
EndProject
Project("{2150E333-8FDC-42A3-9474-1A3956D46DE8}") = "SolutionFolder", "SolutionFolder", "{CC5AD37E-7211-4336-8291-AF72A925A57B}"
EndProject
Project("{FAE04EC0-301F-11D3-BF4B-00C04F79EFBC}") = "WpfApplication1", "WpfApplication1\WpfApplication1.csproj", "{9414B971-40D7-4E3D-A188-A6B48D6C4705}"
EndProject
Project("{FAE04EC0-301F-11D3-BF4B-00C04F79EFBC}") = "TypeScript", "TypeScript\TypeScript.csproj", "{0842EE0E-D38E-46DA-B14F-7BDC68EEC424}"
EndProject
Project("{FAE04EC0-301F-11D3-BF4B-00C04F79EFBC}") = "TestSolution_XUnit_Tests", "TestSolution_XUnit_Tests\TestSolution_XUnit_Tests.csproj", "{6241E299-3E1F-4CDB-9CE7-EDD4ACAC0002}"
EndProject
Global
	GlobalSection(SolutionConfigurationPlatforms) = preSolution
		Debug|Any CPU = Debug|Any CPU
		Release|Any CPU = Release|Any CPU
	EndGlobalSection
	GlobalSection(ProjectConfigurationPlatforms) = postSolution
		{0F5BA342-6E00-4772-A967-171772206169}.Debug|Any CPU.ActiveCfg = Debug|Any CPU
		{0F5BA342-6E00-4772-A967-171772206169}.Debug|Any CPU.Build.0 = Debug|Any CPU
		{0F5BA342-6E00-4772-A967-171772206169}.Release|Any CPU.ActiveCfg = Release|Any CPU
		{0F5BA342-6E00-4772-A967-171772206169}.Release|Any CPU.Build.0 = Release|Any CPU
		{D6D0FE59-C578-4C50-B4DC-CDDC56557FB2}.Debug|Any CPU.ActiveCfg = Debug|Any CPU
		{D6D0FE59-C578-4C50-B4DC-CDDC56557FB2}.Debug|Any CPU.Build.0 = Debug|Any CPU
		{D6D0FE59-C578-4C50-B4DC-CDDC56557FB2}.Release|Any CPU.ActiveCfg = Release|Any CPU
		{D6D0FE59-C578-4C50-B4DC-CDDC56557FB2}.Release|Any CPU.Build.0 = Release|Any CPU
		{C714BCF5-8EEA-4AC8-A030-8D7B1F57E122}.Debug|Any CPU.ActiveCfg = Debug|Any CPU
		{C714BCF5-8EEA-4AC8-A030-8D7B1F57E122}.Debug|Any CPU.Build.0 = Debug|Any CPU
		{C714BCF5-8EEA-4AC8-A030-8D7B1F57E122}.Release|Any CPU.ActiveCfg = Release|Any CPU
		{C714BCF5-8EEA-4AC8-A030-8D7B1F57E122}.Release|Any CPU.Build.0 = Release|Any CPU
		{9414B971-40D7-4E3D-A188-A6B48D6C4705}.Debug|Any CPU.ActiveCfg = Debug|Any CPU
		{9414B971-40D7-4E3D-A188-A6B48D6C4705}.Debug|Any CPU.Build.0 = Debug|Any CPU
		{9414B971-40D7-4E3D-A188-A6B48D6C4705}.Release|Any CPU.ActiveCfg = Release|Any CPU
		{9414B971-40D7-4E3D-A188-A6B48D6C4705}.Release|Any CPU.Build.0 = Release|Any CPU
		{0842EE0E-D38E-46DA-B14F-7BDC68EEC424}.Debug|Any CPU.ActiveCfg = Debug|Any CPU
		{0842EE0E-D38E-46DA-B14F-7BDC68EEC424}.Debug|Any CPU.Build.0 = Debug|Any CPU
		{0842EE0E-D38E-46DA-B14F-7BDC68EEC424}.Release|Any CPU.ActiveCfg = Release|Any CPU
		{0842EE0E-D38E-46DA-B14F-7BDC68EEC424}.Release|Any CPU.Build.0 = Release|Any CPU
		{6241E299-3E1F-4CDB-9CE7-EDD4ACAC0002}.Debug|Any CPU.ActiveCfg = Debug|Any CPU
		{6241E299-3E1F-4CDB-9CE7-EDD4ACAC0002}.Debug|Any CPU.Build.0 = Debug|Any CPU
		{6241E299-3E1F-4CDB-9CE7-EDD4ACAC0002}.Release|Any CPU.ActiveCfg = Release|Any CPU
		{6241E299-3E1F-4CDB-9CE7-EDD4ACAC0002}.Release|Any CPU.Build.0 = Release|Any CPU
	EndGlobalSection
	GlobalSection(SolutionProperties) = preSolution
		HideSolutionNode = FALSE
	EndGlobalSection
	GlobalSection(NestedProjects) = preSolution
		{0F5BA342-6E00-4772-A967-171772206169} = {CC5AD37E-7211-4336-8291-AF72A925A57B}
		{6241E299-3E1F-4CDB-9CE7-EDD4ACAC0002} = {CC5AD37E-7211-4336-8291-AF72A925A57B}
	EndGlobalSection
	GlobalSection(ExtensibilityGlobals) = postSolution
		SolutionGuid = {09E82484-F0DB-44F3-B375-0B94F6B07A35}
	EndGlobalSection
EndGlobal
