
Microsoft Visual Studio Solution File, Format Version 12.00
# Visual Studio 15
VisualStudioVersion = 15.0.26228.9
MinimumVisualStudioVersion = 10.0.40219.1
Project("{FAE04EC0-301F-11D3-BF4B-00C04F79EFBC}") = "TestSolution", "TestSolution\TestSolution.csproj", "{0F5BA342-6E00-4772-A967-171772206169}"
EndProject
Project("{F184B08F-C81C-45F6-A57F-5ABD9991F28F}") = "VBLibrary", "VBLibrary\VBLibrary.vbproj", "{D6D0FE59-C578-4C50-B4DC-CDDC56557FB2}"
EndProject
Project("{FAE04EC0-301F-11D3-BF4B-00C04F79EFBC}") = "Project2", "Project2\Project2.csproj", "{C714BCF5-8EEA-4AC8-A030-8D7B1F57E122}"
EndProject
Project("{2150E333-8FDC-42A3-9474-1A3956D46DE8}") = "SolutionFolder", "SolutionFolder", "{CC5AD37E-7211-4336-8291-AF72A925A57B}"
EndProject
Project("{FAE04EC0-301F-11D3-BF4B-00C04F79EFBC}") = "WpfApplication1", "WpfApplication1\WpfApplication1.csproj", "{9414B971-40D7-4E3D-A188-A6B48D6C4705}"
EndProject
Project("{FAE04EC0-301F-11D3-BF4B-00C04F79EFBC}") = "TypeScript", "TypeScript\TypeScript.csproj", "{0842EE0E-D38E-46DA-B14F-7BDC68EEC424}"
EndProject
Project("{FAE04EC0-301F-11D3-BF4B-00C04F79EFBC}") = "Type.Forwardee", "Type.Forwardee\Type.Forwardee.csproj", "{A2B515A8-9468-4AF5-89CE-807902F03D79}"
EndProject
Project("{FAE04EC0-301F-11D3-BF4B-00C04F79EFBC}") = "Type.Forwarder", "Type.Forwarder\Type.Forwarder.csproj", "{79AEDCEA-6D49-463D-B5B8-2DDF120C0247}"
EndProject
Project("{FAE04EC0-301F-11D3-BF4B-00C04F79EFBC}") = "Type.Forwarder.Reference", "Type.Forwarder.Reference\Type.Forwarder.Reference.csproj", "{F922C544-DC33-4C0B-837C-81A65EB37863}"
EndProject
Project("{FAE04EC0-301F-11D3-BF4B-00C04F79EFBC}") = "Type.Referencer", "Type.Referencer\Type.Referencer.csproj", "{C34D3731-2CE5-41C2-AFCC-A8A0545D2849}"
	ProjectSection(ProjectDependencies) = postProject
		{F922C544-DC33-4C0B-837C-81A65EB37863} = {F922C544-DC33-4C0B-837C-81A65EB37863}
		{A2B515A8-9468-4AF5-89CE-807902F03D79} = {A2B515A8-9468-4AF5-89CE-807902F03D79}
		{79AEDCEA-6D49-463D-B5B8-2DDF120C0247} = {79AEDCEA-6D49-463D-B5B8-2DDF120C0247}
	EndProjectSection
EndProject
Global
	GlobalSection(SolutionConfigurationPlatforms) = preSolution
		Debug|Any CPU = Debug|Any CPU
		Release|Any CPU = Release|Any CPU
	EndGlobalSection
	GlobalSection(ProjectConfigurationPlatforms) = postSolution
		{0F5BA342-6E00-4772-A967-171772206169}.Debug|Any CPU.ActiveCfg = Debug|Any CPU
		{0F5BA342-6E00-4772-A967-171772206169}.Debug|Any CPU.Build.0 = Debug|Any CPU
		{0F5BA342-6E00-4772-A967-171772206169}.Release|Any CPU.ActiveCfg = Release|Any CPU
		{0F5BA342-6E00-4772-A967-171772206169}.Release|Any CPU.Build.0 = Release|Any CPU
		{D6D0FE59-C578-4C50-B4DC-CDDC56557FB2}.Debug|Any CPU.ActiveCfg = Debug|Any CPU
		{D6D0FE59-C578-4C50-B4DC-CDDC56557FB2}.Debug|Any CPU.Build.0 = Debug|Any CPU
		{D6D0FE59-C578-4C50-B4DC-CDDC56557FB2}.Release|Any CPU.ActiveCfg = Release|Any CPU
		{D6D0FE59-C578-4C50-B4DC-CDDC56557FB2}.Release|Any CPU.Build.0 = Release|Any CPU
		{C714BCF5-8EEA-4AC8-A030-8D7B1F57E122}.Debug|Any CPU.ActiveCfg = Debug|Any CPU
		{C714BCF5-8EEA-4AC8-A030-8D7B1F57E122}.Debug|Any CPU.Build.0 = Debug|Any CPU
		{C714BCF5-8EEA-4AC8-A030-8D7B1F57E122}.Release|Any CPU.ActiveCfg = Release|Any CPU
		{C714BCF5-8EEA-4AC8-A030-8D7B1F57E122}.Release|Any CPU.Build.0 = Release|Any CPU
		{9414B971-40D7-4E3D-A188-A6B48D6C4705}.Debug|Any CPU.ActiveCfg = Debug|Any CPU
		{9414B971-40D7-4E3D-A188-A6B48D6C4705}.Debug|Any CPU.Build.0 = Debug|Any CPU
		{9414B971-40D7-4E3D-A188-A6B48D6C4705}.Release|Any CPU.ActiveCfg = Release|Any CPU
		{9414B971-40D7-4E3D-A188-A6B48D6C4705}.Release|Any CPU.Build.0 = Release|Any CPU
		{0842EE0E-D38E-46DA-B14F-7BDC68EEC424}.Debug|Any CPU.ActiveCfg = Debug|Any CPU
		{0842EE0E-D38E-46DA-B14F-7BDC68EEC424}.Debug|Any CPU.Build.0 = Debug|Any CPU
		{0842EE0E-D38E-46DA-B14F-7BDC68EEC424}.Release|Any CPU.ActiveCfg = Release|Any CPU
		{0842EE0E-D38E-46DA-B14F-7BDC68EEC424}.Release|Any CPU.Build.0 = Release|Any CPU
		{A2B515A8-9468-4AF5-89CE-807902F03D79}.Debug|Any CPU.ActiveCfg = Debug|Any CPU
		{A2B515A8-9468-4AF5-89CE-807902F03D79}.Debug|Any CPU.Build.0 = Debug|Any CPU
		{A2B515A8-9468-4AF5-89CE-807902F03D79}.Release|Any CPU.ActiveCfg = Debug|Any CPU
		{A2B515A8-9468-4AF5-89CE-807902F03D79}.Release|Any CPU.Build.0 = Debug|Any CPU
		{79AEDCEA-6D49-463D-B5B8-2DDF120C0247}.Debug|Any CPU.ActiveCfg = Debug|Any CPU
		{79AEDCEA-6D49-463D-B5B8-2DDF120C0247}.Debug|Any CPU.Build.0 = Debug|Any CPU
		{79AEDCEA-6D49-463D-B5B8-2DDF120C0247}.Release|Any CPU.ActiveCfg = Debug|Any CPU
		{79AEDCEA-6D49-463D-B5B8-2DDF120C0247}.Release|Any CPU.Build.0 = Debug|Any CPU
		{F922C544-DC33-4C0B-837C-81A65EB37863}.Debug|Any CPU.ActiveCfg = Debug|Any CPU
		{F922C544-DC33-4C0B-837C-81A65EB37863}.Debug|Any CPU.Build.0 = Debug|Any CPU
		{F922C544-DC33-4C0B-837C-81A65EB37863}.Release|Any CPU.ActiveCfg = Debug|Any CPU
		{F922C544-DC33-4C0B-837C-81A65EB37863}.Release|Any CPU.Build.0 = Debug|Any CPU
		{C34D3731-2CE5-41C2-AFCC-A8A0545D2849}.Debug|Any CPU.ActiveCfg = Debug|Any CPU
		{C34D3731-2CE5-41C2-AFCC-A8A0545D2849}.Debug|Any CPU.Build.0 = Debug|Any CPU
		{C34D3731-2CE5-41C2-AFCC-A8A0545D2849}.Release|Any CPU.ActiveCfg = Debug|Any CPU
		{C34D3731-2CE5-41C2-AFCC-A8A0545D2849}.Release|Any CPU.Build.0 = Debug|Any CPU
	EndGlobalSection
	GlobalSection(SolutionProperties) = preSolution
		HideSolutionNode = FALSE
	EndGlobalSection
	GlobalSection(NestedProjects) = preSolution
		{0F5BA342-6E00-4772-A967-171772206169} = {CC5AD37E-7211-4336-8291-AF72A925A57B}
	EndGlobalSection
EndGlobal
